
Microsoft Visual Studio Solution File, Format Version 12.00
# Visual Studio Version 16
VisualStudioVersion = 16.0.31402.337
MinimumVisualStudioVersion = 10.0.40219.1
Project("{FAE04EC0-301F-11D3-BF4B-00C04F79EFBC}") = "SQL Challenge", "SQL Challenge\SQL Challenge.csproj", "{764B7B7C-D12C-4E7F-B18A-AD1E7B0D29A0}"
EndProject
Global
	GlobalSection(SolutionConfigurationPlatforms) = preSolution
		Debug|Any CPU = Debug|Any CPU
		Release|Any CPU = Release|Any CPU
	EndGlobalSection
	GlobalSection(ProjectConfigurationPlatforms) = postSolution
		{764B7B7C-D12C-4E7F-B18A-AD1E7B0D29A0}.Debug|Any CPU.ActiveCfg = Debug|Any CPU
		{764B7B7C-D12C-4E7F-B18A-AD1E7B0D29A0}.Debug|Any CPU.Build.0 = Debug|Any CPU
		{764B7B7C-D12C-4E7F-B18A-AD1E7B0D29A0}.Release|Any CPU.ActiveCfg = Release|Any CPU
		{764B7B7C-D12C-4E7F-B18A-AD1E7B0D29A0}.Release|Any CPU.Build.0 = Release|Any CPU
	EndGlobalSection
	GlobalSection(SolutionProperties) = preSolution
		HideSolutionNode = FALSE
	EndGlobalSection
	GlobalSection(ExtensibilityGlobals) = postSolution
		SolutionGuid = {0DDD62B6-10E5-4B6E-81E7-7E273120E7BE}
	EndGlobalSection
EndGlobal
